{
  "name": "io-game-client",
  "version": "1.0.0",
  "lockfileVersion": 1,
  "requires": true,
  "dependencies": {
    "@pixi/app": {
      "version": "5.2.1",
      "resolved": "https://registry.npmjs.org/@pixi/app/-/app-5.2.1.tgz",
      "integrity": "sha512-KPZ6fa324BspRTumU1Cdo2QANIu01COLcKBa3CpofHHXc5ayRDQDFiJnMpKMPYMDIPfKZeNt5aVwW0yVFB3iNQ==",
      "requires": {
        "@pixi/core": "5.2.1",
        "@pixi/display": "5.2.1"
      }
    },
    "@pixi/constants": {
      "version": "5.2.1",
      "resolved": "https://registry.npmjs.org/@pixi/constants/-/constants-5.2.1.tgz",
      "integrity": "sha512-RYeP1Q5R6qVyVioM00/fhGXFAhJjD+mJW4+TOiNZQASKP0t6wF51yuIfROEIxf5a6I6INOB3aSit1jUkSpYgTA=="
    },
    "@pixi/core": {
      "version": "5.2.1",
      "resolved": "https://registry.npmjs.org/@pixi/core/-/core-5.2.1.tgz",
      "integrity": "sha512-kREyWm87C4xZtdlw+otX+U/xJZhDUQyY/UHirbBwkO0LeAfrJm3qNyMfFZTcyW4PvmF16989IjvjGAWSeZSIQw==",
      "requires": {
        "@pixi/constants": "5.2.1",
        "@pixi/display": "5.2.1",
        "@pixi/math": "5.2.1",
        "@pixi/runner": "5.2.1",
        "@pixi/settings": "5.2.1",
        "@pixi/ticker": "5.2.1",
        "@pixi/utils": "5.2.1"
      }
    },
    "@pixi/display": {
      "version": "5.2.1",
      "resolved": "https://registry.npmjs.org/@pixi/display/-/display-5.2.1.tgz",
      "integrity": "sha512-tr++p14im8KBzZHxMtM/E2Q7FWHYp9bjjDl+rA1b91HSN/vUJu1OlkUoCN4x7TyfkVtDPnrglhZykf7d93Nl9A==",
      "requires": {
        "@pixi/math": "5.2.1",
        "@pixi/settings": "5.2.1",
        "@pixi/utils": "5.2.1"
      }
    },
    "@pixi/graphics": {
      "version": "5.2.1",
      "resolved": "https://registry.npmjs.org/@pixi/graphics/-/graphics-5.2.1.tgz",
      "integrity": "sha512-cyeG+gOJGruDZJIFnrLkojcsl+PSEobbuJ3HcmoNgemo4gmLC6c+zOoD8I5LFFzLXgrUVD0Y4WjOgM0ptH/4vg==",
      "requires": {
        "@pixi/constants": "5.2.1",
        "@pixi/core": "5.2.1",
        "@pixi/display": "5.2.1",
        "@pixi/math": "5.2.1",
        "@pixi/sprite": "5.2.1",
        "@pixi/utils": "5.2.1"
      }
    },
    "@pixi/interaction": {
      "version": "5.2.1",
      "resolved": "https://registry.npmjs.org/@pixi/interaction/-/interaction-5.2.1.tgz",
      "integrity": "sha512-sYFZGkseJGgQ+4Z/wJGklz8JNOf+Ih5l1+eeBly0irHsouPw9+LoSCCTVTCG4Lg7Ir/NBEr5vD7kfB7PsRADHw==",
      "requires": {
        "@pixi/core": "5.2.1",
        "@pixi/display": "5.2.1",
        "@pixi/math": "5.2.1",
        "@pixi/ticker": "5.2.1",
        "@pixi/utils": "5.2.1"
      }
    },
    "@pixi/loaders": {
      "version": "5.2.1",
      "resolved": "https://registry.npmjs.org/@pixi/loaders/-/loaders-5.2.1.tgz",
      "integrity": "sha512-XhmGD0+svS9MzqGXzcl8y0HCWk2NWqmSYDse9wwD1jIwpygU4Q5rrrqZE3OrUYt6xEP4IZXfiVAnfAJdUDtrzA==",
      "requires": {
        "@pixi/core": "5.2.1",
        "@pixi/utils": "5.2.1",
        "resource-loader": "^3.0.1"
      }
    },
    "@pixi/math": {
      "version": "5.2.1",
      "resolved": "https://registry.npmjs.org/@pixi/math/-/math-5.2.1.tgz",
      "integrity": "sha512-rsAXNk0uPvog51sdmBmbRBXoN30pZLjboHLNb7s5mfuCWkMgdR/UFdbLFzd+3dwsgpFvawFuKtbQbwO0McXn+g=="
    },
    "@pixi/runner": {
      "version": "5.2.1",
      "resolved": "https://registry.npmjs.org/@pixi/runner/-/runner-5.2.1.tgz",
      "integrity": "sha512-nhU3HaYb3EJ6zHU20b1jU6pD7vQp3OXoAtAVBzqPMR/oWMkeEm4dDvp1PwbCbZPUGoT7mLfQ//5maufue1MPqA=="
    },
    "@pixi/settings": {
      "version": "5.2.1",
      "resolved": "https://registry.npmjs.org/@pixi/settings/-/settings-5.2.1.tgz",
      "integrity": "sha512-QQfCywlYrWKUekn06P2hy1KR5MYXUyqVU0fbqEItjsH3RvN0LzE9ry2sDxf53qQ2/uCjKDXcT59YV9JcHEfwHA==",
      "requires": {
        "ismobilejs": "^1.0.3"
      }
    },
    "@pixi/sprite": {
      "version": "5.2.1",
      "resolved": "https://registry.npmjs.org/@pixi/sprite/-/sprite-5.2.1.tgz",
      "integrity": "sha512-F2BrLpyVswTbYXQFPBf8QpyfwH0T/Vft+PPxMNHya0eg2UiYZJFYLxhmbSIJLD+bWMRbSnQRq0M+rHhVVtXt2Q==",
      "requires": {
        "@pixi/constants": "5.2.1",
        "@pixi/core": "5.2.1",
        "@pixi/display": "5.2.1",
        "@pixi/math": "5.2.1",
        "@pixi/settings": "5.2.1",
        "@pixi/utils": "5.2.1"
      }
    },
    "@pixi/sprite-animated": {
      "version": "5.2.1",
      "resolved": "https://registry.npmjs.org/@pixi/sprite-animated/-/sprite-animated-5.2.1.tgz",
      "integrity": "sha512-FwYHhDWEmeQPZPEW+iwG+jMYM1h7hHMzOOMsR7fda1s2hVcYMK/RPAg2oWDFjx03nBFSMu4HjqUQn1lUmnp5Kw==",
      "requires": {
        "@pixi/core": "5.2.1",
        "@pixi/sprite": "5.2.1",
        "@pixi/ticker": "5.2.1"
      }
    },
    "@pixi/sprite-tiling": {
      "version": "5.2.1",
      "resolved": "https://registry.npmjs.org/@pixi/sprite-tiling/-/sprite-tiling-5.2.1.tgz",
      "integrity": "sha512-1BuskMYmyctmIzqi5CidTFZCr23+ROwGKsynNFAVzzbRlBaAhTNveiY9mt9QJ+Pd2hugh0vY31IMMDuMqsE7Uw==",
      "requires": {
        "@pixi/constants": "5.2.1",
        "@pixi/core": "5.2.1",
        "@pixi/display": "5.2.1",
        "@pixi/math": "5.2.1",
        "@pixi/sprite": "5.2.1",
        "@pixi/utils": "5.2.1"
      }
    },
    "@pixi/spritesheet": {
      "version": "5.2.1",
      "resolved": "https://registry.npmjs.org/@pixi/spritesheet/-/spritesheet-5.2.1.tgz",
      "integrity": "sha512-Enj1FFhRtq3cUuctyPCLoGsudnGe9nD+gfs9UbOy1HXIZNd+uXhItZSIEjAoHgPSUzXprgCWaZrgrOD4KjW/tA==",
      "requires": {
        "@pixi/core": "5.2.1",
        "@pixi/loaders": "5.2.1",
        "@pixi/math": "5.2.1",
        "@pixi/utils": "5.2.1"
      }
    },
    "@pixi/text": {
      "version": "5.2.1",
      "resolved": "https://registry.npmjs.org/@pixi/text/-/text-5.2.1.tgz",
      "integrity": "sha512-SqpyyVTCx8ZioibK0Jnf3wHZWSdLGlZ8tK+uEuf2Hrv533ZHcF8fYsruWG8L9WFwXSGVCWcN/qEwivpAdWoMvA==",
      "requires": {
        "@pixi/core": "5.2.1",
        "@pixi/math": "5.2.1",
        "@pixi/settings": "5.2.1",
        "@pixi/sprite": "5.2.1",
        "@pixi/utils": "5.2.1"
      }
    },
    "@pixi/ticker": {
      "version": "5.2.1",
      "resolved": "https://registry.npmjs.org/@pixi/ticker/-/ticker-5.2.1.tgz",
      "integrity": "sha512-xC2kfTjmThjo9VO28snfgvpLEJRzseTPBLP+LFn9fBqmuL17Pw+/eXgWsrTeizEOiTy+4NsaplMWdRs91UM8uw==",
      "requires": {
        "@pixi/settings": "5.2.1"
      }
    },
    "@pixi/utils": {
      "version": "5.2.1",
      "resolved": "https://registry.npmjs.org/@pixi/utils/-/utils-5.2.1.tgz",
      "integrity": "sha512-JKa/IDKK3cbwrJbhU4q3hdN5tPTsuiWco+WDSlEWq6vblrwJkhI+0dRQkooo2fL+Tso7k+hWQ+4k95YapTX5Og==",
      "requires": {
        "@pixi/constants": "5.2.1",
        "@pixi/settings": "5.2.1",
        "earcut": "^2.1.5",
        "eventemitter3": "^3.1.0",
        "url": "^0.11.0"
      }
    },
    "@tweenjs/tween.js": {
      "version": "18.5.0",
      "resolved": "https://registry.npmjs.org/@tweenjs/tween.js/-/tween.js-18.5.0.tgz",
      "integrity": "sha512-/qyhdvbc6vWsFuiK7Wq74ZMu1F/9sFRlBv2qnjeu70XI0HRC8zOfUqbXT2irVLCSVuCI/fI7HphGdbsbyQ/Q5w=="
    },
    "after": {
      "version": "0.8.2",
      "resolved": "https://registry.npmjs.org/after/-/after-0.8.2.tgz",
      "integrity": "sha1-/ts5T58OAqqXaOcCvaI7UF+ufh8="
    },
    "arraybuffer.slice": {
      "version": "0.0.7",
      "resolved": "https://registry.npmjs.org/arraybuffer.slice/-/arraybuffer.slice-0.0.7.tgz",
      "integrity": "sha512-wGUIVQXuehL5TCqQun8OW81jGzAWycqzFF8lFp+GOM5BXLYj3bKNsYC4daB7n6XjCqxQA/qgTJ+8ANR3acjrog=="
    },
    "async-limiter": {
      "version": "1.0.1",
      "resolved": "https://registry.npmjs.org/async-limiter/-/async-limiter-1.0.1.tgz",
      "integrity": "sha512-csOlWGAcRFJaI6m+F2WKdnMKr4HhdhFVBk0H/QbJFMCr+uO2kwohwXQPxw/9OCxp05r5ghVBFSyioixx3gfkNQ=="
    },
    "backo2": {
      "version": "1.0.2",
      "resolved": "https://registry.npmjs.org/backo2/-/backo2-1.0.2.tgz",
      "integrity": "sha1-MasayLEpNjRj41s+u2n038+6eUc="
    },
    "base64-arraybuffer": {
      "version": "0.1.5",
      "resolved": "https://registry.npmjs.org/base64-arraybuffer/-/base64-arraybuffer-0.1.5.tgz",
      "integrity": "sha1-c5JncZI7Whl0etZmqlzUv5xunOg="
    },
    "better-assert": {
      "version": "1.0.2",
      "resolved": "https://registry.npmjs.org/better-assert/-/better-assert-1.0.2.tgz",
      "integrity": "sha1-QIZrnhueC1W0gYlDEeaPr/rrxSI=",
      "requires": {
        "callsite": "1.0.0"
      }
    },
    "blob": {
      "version": "0.0.5",
      "resolved": "https://registry.npmjs.org/blob/-/blob-0.0.5.tgz",
      "integrity": "sha512-gaqbzQPqOoamawKg0LGVd7SzLgXS+JH61oWprSLH+P+abTczqJbhTR8CmJ2u9/bUYNmHTGJx/UEmn6doAvvuig=="
    },
    "callsite": {
      "version": "1.0.0",
      "resolved": "https://registry.npmjs.org/callsite/-/callsite-1.0.0.tgz",
      "integrity": "sha1-KAOY5dZkvXQDi28JBRU+borxvCA="
    },
    "component-bind": {
      "version": "1.0.0",
      "resolved": "https://registry.npmjs.org/component-bind/-/component-bind-1.0.0.tgz",
      "integrity": "sha1-AMYIq33Nk4l8AAllGx06jh5zu9E="
    },
    "component-emitter": {
      "version": "1.2.1",
      "resolved": "https://registry.npmjs.org/component-emitter/-/component-emitter-1.2.1.tgz",
      "integrity": "sha1-E3kY1teCg/ffemt8WmPhQOaUJeY="
    },
    "component-inherit": {
      "version": "0.0.3",
      "resolved": "https://registry.npmjs.org/component-inherit/-/component-inherit-0.0.3.tgz",
      "integrity": "sha1-ZF/ErfWLcrZJ1crmUTVhnbJv8UM="
    },
    "debug": {
      "version": "4.1.1",
      "resolved": "https://registry.npmjs.org/debug/-/debug-4.1.1.tgz",
      "integrity": "sha512-pYAIzeRo8J6KPEaJ0VWOh5Pzkbw/RetuzehGM7QRRX5he4fPHx2rdKMB256ehJCkX+XRQm16eZLqLNS8RSZXZw==",
      "requires": {
        "ms": "^2.1.1"
      }
    },
    "earcut": {
      "version": "2.2.2",
      "resolved": "https://registry.npmjs.org/earcut/-/earcut-2.2.2.tgz",
      "integrity": "sha512-eZoZPPJcUHnfRZ0PjLvx2qBordSiO8ofC3vt+qACLM95u+4DovnbYNpQtJh0DNsWj8RnxrQytD4WA8gj5cRIaQ=="
    },
    "engine.io-client": {
      "version": "3.4.2",
      "resolved": "https://registry.npmjs.org/engine.io-client/-/engine.io-client-3.4.2.tgz",
      "integrity": "sha512-AWjc1Xg06a6UPFOBAzJf48W1UR/qKYmv/ubgSCumo9GXgvL/xGIvo05dXoBL+2NTLMipDI7in8xK61C17L25xg==",
      "requires": {
        "component-emitter": "~1.3.0",
        "component-inherit": "0.0.3",
        "debug": "~4.1.0",
        "engine.io-parser": "~2.2.0",
        "has-cors": "1.1.0",
        "indexof": "0.0.1",
        "parseqs": "0.0.5",
        "parseuri": "0.0.5",
        "ws": "~6.1.0",
        "xmlhttprequest-ssl": "~1.5.4",
        "yeast": "0.1.2"
      },
      "dependencies": {
        "component-emitter": {
          "version": "1.3.0",
          "resolved": "https://registry.npmjs.org/component-emitter/-/component-emitter-1.3.0.tgz",
          "integrity": "sha512-Rd3se6QB+sO1TwqZjscQrurpEPIfO0/yYnSin6Q/rD3mOutHvUrCAhJub3r90uNb+SESBuE0QYoB90YdfatsRg=="
        }
      }
    },
    "engine.io-parser": {
      "version": "2.2.0",
      "resolved": "https://registry.npmjs.org/engine.io-parser/-/engine.io-parser-2.2.0.tgz",
      "integrity": "sha512-6I3qD9iUxotsC5HEMuuGsKA0cXerGz+4uGcXQEkfBidgKf0amsjrrtwcbwK/nzpZBxclXlV7gGl9dgWvu4LF6w==",
      "requires": {
        "after": "0.8.2",
        "arraybuffer.slice": "~0.0.7",
        "base64-arraybuffer": "0.1.5",
        "blob": "0.0.5",
        "has-binary2": "~1.0.2"
      }
    },
    "eventemitter3": {
      "version": "3.1.2",
      "resolved": "https://registry.npmjs.org/eventemitter3/-/eventemitter3-3.1.2.tgz",
      "integrity": "sha512-tvtQIeLVHjDkJYnzf2dgVMxfuSGJeM/7UCG17TT4EumTfNtF+0nebF/4zWOIkCreAbtNqhGEboB6BWrwqNaw4Q=="
    },
    "has-binary2": {
      "version": "1.0.3",
      "resolved": "https://registry.npmjs.org/has-binary2/-/has-binary2-1.0.3.tgz",
      "integrity": "sha512-G1LWKhDSvhGeAQ8mPVQlqNcOB2sJdwATtZKl2pDKKHfpf/rYj24lkinxf69blJbnsvtqqNU+L3SL50vzZhXOnw==",
      "requires": {
        "isarray": "2.0.1"
      }
    },
    "has-cors": {
      "version": "1.1.0",
      "resolved": "https://registry.npmjs.org/has-cors/-/has-cors-1.1.0.tgz",
      "integrity": "sha1-XkdHk/fqmEPRu5nCPu9J/xJv/zk="
    },
    "indexof": {
      "version": "0.0.1",
      "resolved": "https://registry.npmjs.org/indexof/-/indexof-0.0.1.tgz",
      "integrity": "sha1-gtwzbSMrkGIXnQWrMpOmYFn9Q10="
    },
    "isarray": {
      "version": "2.0.1",
      "resolved": "https://registry.npmjs.org/isarray/-/isarray-2.0.1.tgz",
      "integrity": "sha1-o32U7ZzaLVmGXJ92/llu4fM4dB4="
    },
    "ismobilejs": {
      "version": "1.1.1",
      "resolved": "https://registry.npmjs.org/ismobilejs/-/ismobilejs-1.1.1.tgz",
      "integrity": "sha512-VaFW53yt8QO61k2WJui0dHf4SlL8lxBofUuUmwBo0ljPk0Drz2TiuDW4jo3wDcv41qy/SxrJ+VAzJ/qYqsmzRw=="
    },
    "mini-signals": {
      "version": "1.2.0",
      "resolved": "https://registry.npmjs.org/mini-signals/-/mini-signals-1.2.0.tgz",
      "integrity": "sha1-RbCAE8X65RokqhqTXNMXye1yHXQ="
    },
    "ms": {
      "version": "2.1.2",
      "resolved": "https://registry.npmjs.org/ms/-/ms-2.1.2.tgz",
      "integrity": "sha512-sGkPx+VjMtmA6MX27oA4FBFELFCZZ4S4XqeGOXCv68tT+jb3vk/RyaKWP0PTKyWtmLSM0b+adUTEvbs1PEaH2w=="
    },
    "object-component": {
      "version": "0.0.3",
      "resolved": "https://registry.npmjs.org/object-component/-/object-component-0.0.3.tgz",
      "integrity": "sha1-8MaapQ78lbhmwYb0AKM3acsvEpE="
    },
    "parse-uri": {
      "version": "1.0.0",
      "resolved": "https://registry.npmjs.org/parse-uri/-/parse-uri-1.0.0.tgz",
      "integrity": "sha1-KHLcwi8aeXrN4Vg9igrClVLdrCA="
    },
    "parseqs": {
      "version": "0.0.5",
      "resolved": "https://registry.npmjs.org/parseqs/-/parseqs-0.0.5.tgz",
      "integrity": "sha1-1SCKNzjkZ2bikbouoXNoSSGouJ0=",
      "requires": {
        "better-assert": "~1.0.0"
      }
    },
    "parseuri": {
      "version": "0.0.5",
      "resolved": "https://registry.npmjs.org/parseuri/-/parseuri-0.0.5.tgz",
      "integrity": "sha1-gCBKUNTbt3m/3G6+J3jZDkvOMgo=",
      "requires": {
        "better-assert": "~1.0.0"
      }
    },
    "pixi-text-input": {
      "version": "1.0.5",
      "resolved": "https://registry.npmjs.org/pixi-text-input/-/pixi-text-input-1.0.5.tgz",
      "integrity": "sha512-KVP3Y8JkUAOUt9cjQYxehzQOSvjJl9ColcNpA/FrCOpHC4YxdMMdAbnCUvpxG6k+l4ppKAuss7qFvNUWo7APcw=="
    },
    "punycode": {
      "version": "1.3.2",
      "resolved": "https://registry.npmjs.org/punycode/-/punycode-1.3.2.tgz",
      "integrity": "sha1-llOgNvt8HuQjQvIyXM7v6jkmxI0="
    },
    "querystring": {
      "version": "0.2.0",
      "resolved": "https://registry.npmjs.org/querystring/-/querystring-0.2.0.tgz",
      "integrity": "sha1-sgmEkgO7Jd+CDadW50cAWHhSFiA="
    },
    "resource-loader": {
      "version": "3.0.1",
      "resolved": "https://registry.npmjs.org/resource-loader/-/resource-loader-3.0.1.tgz",
      "integrity": "sha512-fBuCRbEHdLCI1eglzQhUv9Rrdcmqkydr1r6uHE2cYHvRBrcLXeSmbE/qI/urFt8rPr/IGxir3BUwM5kUK8XoyA==",
      "requires": {
        "mini-signals": "^1.2.0",
        "parse-uri": "^1.0.0"
      }
    },
    "socket.io-client": {
      "version": "2.3.0",
      "resolved": "https://registry.npmjs.org/socket.io-client/-/socket.io-client-2.3.0.tgz",
      "integrity": "sha512-cEQQf24gET3rfhxZ2jJ5xzAOo/xhZwK+mOqtGRg5IowZsMgwvHwnf/mCRapAAkadhM26y+iydgwsXGObBB5ZdA==",
      "requires": {
        "backo2": "1.0.2",
        "base64-arraybuffer": "0.1.5",
        "component-bind": "1.0.0",
        "component-emitter": "1.2.1",
        "debug": "~4.1.0",
        "engine.io-client": "~3.4.0",
        "has-binary2": "~1.0.2",
        "has-cors": "1.1.0",
        "indexof": "0.0.1",
        "object-component": "0.0.3",
        "parseqs": "0.0.5",
        "parseuri": "0.0.5",
        "socket.io-parser": "~3.3.0",
        "to-array": "0.1.4"
      }
    },
    "socket.io-parser": {
      "version": "3.3.0",
      "resolved": "https://registry.npmjs.org/socket.io-parser/-/socket.io-parser-3.3.0.tgz",
      "integrity": "sha512-hczmV6bDgdaEbVqhAeVMM/jfUfzuEZHsQg6eOmLgJht6G3mPKMxYm75w2+qhAQZ+4X+1+ATZ+QFKeOZD5riHng==",
      "requires": {
        "component-emitter": "1.2.1",
        "debug": "~3.1.0",
        "isarray": "2.0.1"
      },
      "dependencies": {
        "debug": {
          "version": "3.1.0",
          "resolved": "https://registry.npmjs.org/debug/-/debug-3.1.0.tgz",
          "integrity": "sha512-OX8XqP7/1a9cqkxYw2yXss15f26NKWBpDXQd0/uK/KPqdQhxbPa994hnzjcE2VqQpDslf55723cKPUOGSmMY3g==",
          "requires": {
            "ms": "2.0.0"
          }
        },
        "ms": {
          "version": "2.0.0",
          "resolved": "https://registry.npmjs.org/ms/-/ms-2.0.0.tgz",
          "integrity": "sha1-VgiurfwAvmwpAd9fmGF4jeDVl8g="
        }
      }
    },
    "to-array": {
      "version": "0.1.4",
      "resolved": "https://registry.npmjs.org/to-array/-/to-array-0.1.4.tgz",
      "integrity": "sha1-F+bBH3PdTz10zaek/zI46a2b+JA="
    },
    "url": {
      "version": "0.11.0",
      "resolved": "https://registry.npmjs.org/url/-/url-0.11.0.tgz",
      "integrity": "sha1-ODjpfPxgUh63PFJajlW/3Z4uKPE=",
      "requires": {
        "punycode": "1.3.2",
        "querystring": "0.2.0"
      }
    },
    "ws": {
      "version": "6.1.4",
      "resolved": "https://registry.npmjs.org/ws/-/ws-6.1.4.tgz",
      "integrity": "sha512-eqZfL+NE/YQc1/ZynhojeV8q+H050oR8AZ2uIev7RU10svA9ZnJUddHcOUZTJLinZ9yEfdA2kSATS2qZK5fhJA==",
      "requires": {
        "async-limiter": "~1.0.0"
      }
    },
    "xmlhttprequest-ssl": {
      "version": "1.5.5",
      "resolved": "https://registry.npmjs.org/xmlhttprequest-ssl/-/xmlhttprequest-ssl-1.5.5.tgz",
      "integrity": "sha1-wodrBhaKrcQOV9l+gRkayPQ5iz4="
    },
    "yeast": {
      "version": "0.1.2",
      "resolved": "https://registry.npmjs.org/yeast/-/yeast-0.1.2.tgz",
      "integrity": "sha1-AI4G2AlDIMNy28L47XagymyKxBk="
    }
  }
}
